
Microsoft Visual Studio Solution File, Format Version 12.00
# Visual Studio Version 17
VisualStudioVersion = 17.13.35428.289 main
MinimumVisualStudioVersion = 10.0.40219.1
Project("{54A90642-561A-4BB1-A94E-469ADEE60C69}") = "myawesometodolist", "myawesometodolist\myawesometodolist.esproj", "{D04971CE-ECB6-A834-5B65-DB7D2BB52C42}"
EndProject
Global
	GlobalSection(SolutionConfigurationPlatforms) = preSolution
		Debug|Any CPU = Debug|Any CPU
		Release|Any CPU = Release|Any CPU
	EndGlobalSection
	GlobalSection(ProjectConfigurationPlatforms) = postSolution
		{D04971CE-ECB6-A834-5B65-DB7D2BB52C42}.Debug|Any CPU.ActiveCfg = Debug|Any CPU
		{D04971CE-ECB6-A834-5B65-DB7D2BB52C42}.Debug|Any CPU.Build.0 = Debug|Any CPU
		{D04971CE-ECB6-A834-5B65-DB7D2BB52C42}.Debug|Any CPU.Deploy.0 = Debug|Any CPU
		{D04971CE-ECB6-A834-5B65-DB7D2BB52C42}.Release|Any CPU.ActiveCfg = Release|Any CPU
		{D04971CE-ECB6-A834-5B65-DB7D2BB52C42}.Release|Any CPU.Build.0 = Release|Any CPU
		{D04971CE-ECB6-A834-5B65-DB7D2BB52C42}.Release|Any CPU.Deploy.0 = Release|Any CPU
	EndGlobalSection
	GlobalSection(SolutionProperties) = preSolution
		HideSolutionNode = FALSE
	EndGlobalSection
	GlobalSection(ExtensibilityGlobals) = postSolution
		SolutionGuid = {2B916CB6-94A6-4294-85A4-485FD3D8A18D}
	EndGlobalSection
EndGlobal
